// !$*UTF8*$!
{
	archiveVersion = 1;
	classes = {
	};
	objectVersion = 56;
	objects = {

/* Begin PBXBuildFile section */
		A10000000000000000000001 /* main.swift in Sources */ = {isa = PBXBuildFile; fileRef = A10000000000000000000011 /* main.swift */; };
		A10000000000000000000002 /* AppDelegate.swift in Sources */ = {isa = PBXBuildFile; fileRef = A10000000000000000000012 /* AppDelegate.swift */; };
		A10000000000000000000003 /* AudioRecorder.swift in Sources */ = {isa = PBXBuildFile; fileRef = A10000000000000000000013 /* AudioRecorder.swift */; };
		A10000000000000000000004 /* HotKeyMonitor.swift in Sources */ = {isa = PBXBuildFile; fileRef = A10000000000000000000014 /* HotKeyMonitor.swift */; };
		A10000000000000000000005 /* TranscriptOverlay.swift in Sources */ = {isa = PBXBuildFile; fileRef = A10000000000000000000015 /* TranscriptOverlay.swift */; };
		A10000000000000000000006 /* NativeONNXBridge.m in Sources */ = {isa = PBXBuildFile; fileRef = A1000000000000000000001E /* NativeONNXBridge.m */; };
		A10000000000000000000007 /* DebugLog.swift in Sources */ = {isa = PBXBuildFile; fileRef = A10000000000000000000018 /* DebugLog.swift */; };
		A10000000000000000000008 /* AppSettings.swift in Sources */ = {isa = PBXBuildFile; fileRef = A10000000000000000000019 /* AppSettings.swift */; };
		A10000000000000000000009 /* PreferencesWindowController.swift in Sources */ = {isa = PBXBuildFile; fileRef = A1000000000000000000001A /* PreferencesWindowController.swift */; };
		A1000000000000000000000A /* AppVariant.swift in Sources */ = {isa = PBXBuildFile; fileRef = A1000000000000000000001B /* AppVariant.swift */; };
		A1000000000000000000000B /* TranscriptionRuntime.swift in Sources */ = {isa = PBXBuildFile; fileRef = A1000000000000000000001C /* TranscriptionRuntime.swift */; };
		A1000000000000000000000C /* DeskScribeIcon.icns in Resources */ = {isa = PBXBuildFile; fileRef = A10000000000000000000021 /* DeskScribeIcon.icns */; };
		A1000000000000000000000D /* VocabularySupport.swift in Sources */ = {isa = PBXBuildFile; fileRef = A10000000000000000000022 /* VocabularySupport.swift */; };
		A1000000000000000000000E /* TranscriptHistoryStore.swift in Sources */ = {isa = PBXBuildFile; fileRef = A10000000000000000000023 /* TranscriptHistoryStore.swift */; };
		B1000000000000000000000C /* NativeONNXBridge.m in Sources */ = {isa = PBXBuildFile; fileRef = A1000000000000000000001E /* NativeONNXBridge.m */; };
		B10000000000000000000001 /* main.swift in Sources */ = {isa = PBXBuildFile; fileRef = A10000000000000000000011 /* main.swift */; };
		B10000000000000000000002 /* AppDelegate.swift in Sources */ = {isa = PBXBuildFile; fileRef = A10000000000000000000012 /* AppDelegate.swift */; };
		B10000000000000000000003 /* AudioRecorder.swift in Sources */ = {isa = PBXBuildFile; fileRef = A10000000000000000000013 /* AudioRecorder.swift */; };
		B10000000000000000000004 /* HotKeyMonitor.swift in Sources */ = {isa = PBXBuildFile; fileRef = A10000000000000000000014 /* HotKeyMonitor.swift */; };
		B10000000000000000000005 /* TranscriptOverlay.swift in Sources */ = {isa = PBXBuildFile; fileRef = A10000000000000000000015 /* TranscriptOverlay.swift */; };
		B10000000000000000000007 /* DebugLog.swift in Sources */ = {isa = PBXBuildFile; fileRef = A10000000000000000000018 /* DebugLog.swift */; };
		B10000000000000000000008 /* AppSettings.swift in Sources */ = {isa = PBXBuildFile; fileRef = A10000000000000000000019 /* AppSettings.swift */; };
		B10000000000000000000009 /* PreferencesWindowController.swift in Sources */ = {isa = PBXBuildFile; fileRef = A1000000000000000000001A /* PreferencesWindowController.swift */; };
		B1000000000000000000000A /* AppVariant.swift in Sources */ = {isa = PBXBuildFile; fileRef = A1000000000000000000001B /* AppVariant.swift */; };
		B1000000000000000000000B /* TranscriptionRuntime.swift in Sources */ = {isa = PBXBuildFile; fileRef = A1000000000000000000001C /* TranscriptionRuntime.swift */; };
		B1000000000000000000000D /* DeskScribeIcon.icns in Resources */ = {isa = PBXBuildFile; fileRef = A10000000000000000000021 /* DeskScribeIcon.icns */; };
		B1000000000000000000000E /* VocabularySupport.swift in Sources */ = {isa = PBXBuildFile; fileRef = A10000000000000000000022 /* VocabularySupport.swift */; };
		B1000000000000000000000F /* TranscriptHistoryStore.swift in Sources */ = {isa = PBXBuildFile; fileRef = A10000000000000000000023 /* TranscriptHistoryStore.swift */; };
/* End PBXBuildFile section */

/* Begin PBXFileReference section */
		A10000000000000000000010 /* DeskScribe.app */ = {isa = PBXFileReference; explicitFileType = wrapper.application; includeInIndex = 0; path = DeskScribe.app; sourceTree = BUILT_PRODUCTS_DIR; };
		A10000000000000000000011 /* main.swift */ = {isa = PBXFileReference; lastKnownFileType = sourcecode.swift; path = main.swift; sourceTree = "<group>"; };
		A10000000000000000000012 /* AppDelegate.swift */ = {isa = PBXFileReference; lastKnownFileType = sourcecode.swift; path = AppDelegate.swift; sourceTree = "<group>"; };
		A10000000000000000000013 /* AudioRecorder.swift */ = {isa = PBXFileReference; lastKnownFileType = sourcecode.swift; path = AudioRecorder.swift; sourceTree = "<group>"; };
		A10000000000000000000014 /* HotKeyMonitor.swift */ = {isa = PBXFileReference; lastKnownFileType = sourcecode.swift; path = HotKeyMonitor.swift; sourceTree = "<group>"; };
		A10000000000000000000015 /* TranscriptOverlay.swift */ = {isa = PBXFileReference; lastKnownFileType = sourcecode.swift; path = TranscriptOverlay.swift; sourceTree = "<group>"; };
		A10000000000000000000017 /* Info.plist */ = {isa = PBXFileReference; lastKnownFileType = text.plist.xml; path = Info.plist; sourceTree = "<group>"; };
		A10000000000000000000018 /* DebugLog.swift */ = {isa = PBXFileReference; lastKnownFileType = sourcecode.swift; path = DebugLog.swift; sourceTree = "<group>"; };
		A10000000000000000000019 /* AppSettings.swift */ = {isa = PBXFileReference; lastKnownFileType = sourcecode.swift; path = AppSettings.swift; sourceTree = "<group>"; };
		A1000000000000000000001A /* PreferencesWindowController.swift */ = {isa = PBXFileReference; lastKnownFileType = sourcecode.swift; path = PreferencesWindowController.swift; sourceTree = "<group>"; };
		A1000000000000000000001B /* AppVariant.swift */ = {isa = PBXFileReference; lastKnownFileType = sourcecode.swift; path = AppVariant.swift; sourceTree = "<group>"; };
		A1000000000000000000001C /* TranscriptionRuntime.swift */ = {isa = PBXFileReference; lastKnownFileType = sourcecode.swift; path = TranscriptionRuntime.swift; sourceTree = "<group>"; };
		A1000000000000000000001D /* NativeONNXBridge.h */ = {isa = PBXFileReference; lastKnownFileType = sourcecode.c.h; path = NativeONNXBridge.h; sourceTree = "<group>"; };
		A1000000000000000000001E /* NativeONNXBridge.m */ = {isa = PBXFileReference; lastKnownFileType = sourcecode.c.objc; path = NativeONNXBridge.m; sourceTree = "<group>"; };
		A1000000000000000000001F /* ParakeetDictation-Bridging-Header.h */ = {isa = PBXFileReference; lastKnownFileType = sourcecode.c.h; path = "ParakeetDictation-Bridging-Header.h"; sourceTree = "<group>"; };
		A10000000000000000000021 /* DeskScribeIcon.icns */ = {isa = PBXFileReference; lastKnownFileType = image.icns; path = Resources/DeskScribeIcon.icns; sourceTree = "<group>"; };
		A10000000000000000000022 /* VocabularySupport.swift */ = {isa = PBXFileReference; lastKnownFileType = sourcecode.swift; path = VocabularySupport.swift; sourceTree = "<group>"; };
		A10000000000000000000023 /* TranscriptHistoryStore.swift */ = {isa = PBXFileReference; lastKnownFileType = sourcecode.swift; path = TranscriptHistoryStore.swift; sourceTree = "<group>"; };
		B10000000000000000000010 /* DeskScribeONNX.app */ = {isa = PBXFileReference; explicitFileType = wrapper.application; includeInIndex = 0; path = DeskScribeONNX.app; sourceTree = BUILT_PRODUCTS_DIR; };
/* End PBXFileReference section */

/* Begin PBXFrameworksBuildPhase section */
		A10000000000000000000020 /* Frameworks */ = {
			isa = PBXFrameworksBuildPhase;
			buildActionMask = 2147483647;
			files = (
			);
			runOnlyForDeploymentPostprocessing = 0;
		};
		B10000000000000000000020 /* Frameworks */ = {
			isa = PBXFrameworksBuildPhase;
			buildActionMask = 2147483647;
			files = (
			);
			runOnlyForDeploymentPostprocessing = 0;
		};
/* End PBXFrameworksBuildPhase section */

/* Begin PBXGroup section */
		A10000000000000000000030 = {
			isa = PBXGroup;
			children = (
				A10000000000000000000032 /* ParakeetDictation */,
				A10000000000000000000031 /* Products */,
			);
			sourceTree = "<group>";
		};
		A10000000000000000000031 /* Products */ = {
			isa = PBXGroup;
			children = (
				A10000000000000000000010 /* DeskScribe.app */,
				B10000000000000000000010 /* DeskScribeONNX.app */,
			);
			name = Products;
			sourceTree = "<group>";
		};
		A10000000000000000000032 /* ParakeetDictation */ = {
			isa = PBXGroup;
			children = (
				A10000000000000000000017 /* Info.plist */,
				A10000000000000000000011 /* main.swift */,
				A10000000000000000000012 /* AppDelegate.swift */,
				A10000000000000000000013 /* AudioRecorder.swift */,
				A10000000000000000000014 /* HotKeyMonitor.swift */,
				A10000000000000000000015 /* TranscriptOverlay.swift */,
				A10000000000000000000018 /* DebugLog.swift */,
				A10000000000000000000019 /* AppSettings.swift */,
				A1000000000000000000001A /* PreferencesWindowController.swift */,
				A1000000000000000000001B /* AppVariant.swift */,
				A1000000000000000000001C /* TranscriptionRuntime.swift */,
				A1000000000000000000001D /* NativeONNXBridge.h */,
				A1000000000000000000001E /* NativeONNXBridge.m */,
				A1000000000000000000001F /* ParakeetDictation-Bridging-Header.h */,
				A10000000000000000000022 /* VocabularySupport.swift */,
				A10000000000000000000023 /* TranscriptHistoryStore.swift */,
				A10000000000000000000021 /* DeskScribeIcon.icns */,
			);
			path = ParakeetDictation;
			sourceTree = "<group>";
		};
/* End PBXGroup section */

/* Begin PBXNativeTarget section */
		A10000000000000000000040 /* ParakeetDictation */ = {
			isa = PBXNativeTarget;
			buildConfigurationList = A10000000000000000000061 /* Build configuration list for PBXNativeTarget "ParakeetDictation" */;
			buildPhases = (
				A10000000000000000000041 /* Sources */,
				A10000000000000000000020 /* Frameworks */,
				A10000000000000000000042 /* Resources */,
			);
			buildRules = (
			);
			dependencies = (
			);
			name = ParakeetDictation;
			productName = ParakeetDictation;
			productReference = A10000000000000000000010 /* DeskScribe.app */;
			productType = "com.apple.product-type.application";
		};
		B10000000000000000000040 /* DeskScribeONNX */ = {
			isa = PBXNativeTarget;
			buildConfigurationList = B10000000000000000000061 /* Build configuration list for PBXNativeTarget "DeskScribeONNX" */;
			buildPhases = (
				B10000000000000000000041 /* Sources */,
				B10000000000000000000020 /* Frameworks */,
				B10000000000000000000042 /* Resources */,
			);
			buildRules = (
			);
			dependencies = (
			);
			name = DeskScribeONNX;
			productName = DeskScribeONNX;
			productReference = B10000000000000000000010 /* DeskScribeONNX.app */;
			productType = "com.apple.product-type.application";
		};
/* End PBXNativeTarget section */

/* Begin PBXProject section */
		A10000000000000000000050 /* Project object */ = {
			isa = PBXProject;
			attributes = {
				BuildIndependentTargetsInParallel = 1;
				LastSwiftUpdateCheck = 1530;
				LastUpgradeCheck = 1530;
				TargetAttributes = {
					A10000000000000000000040 = {
						CreatedOnToolsVersion = 15.3;
					};
					B10000000000000000000040 = {
						CreatedOnToolsVersion = 15.3;
					};
				};
			};
			buildConfigurationList = A10000000000000000000060 /* Build configuration list for PBXProject "ParakeetDictation" */;
			compatibilityVersion = "Xcode 14.0";
			developmentRegion = en;
			hasScannedForEncodings = 0;
			knownRegions = (
				en,
				Base,
			);
			mainGroup = A10000000000000000000030;
			productRefGroup = A10000000000000000000031 /* Products */;
			projectDirPath = "";
			projectRoot = "";
			targets = (
				A10000000000000000000040 /* ParakeetDictation */,
				B10000000000000000000040 /* DeskScribeONNX */,
			);
		};
/* End PBXProject section */

/* Begin PBXResourcesBuildPhase section */
		A10000000000000000000042 /* Resources */ = {
			isa = PBXResourcesBuildPhase;
			buildActionMask = 2147483647;
			files = (
				A1000000000000000000000C /* DeskScribeIcon.icns in Resources */,
			);
			runOnlyForDeploymentPostprocessing = 0;
		};
		B10000000000000000000042 /* Resources */ = {
			isa = PBXResourcesBuildPhase;
			buildActionMask = 2147483647;
			files = (
				B1000000000000000000000D /* DeskScribeIcon.icns in Resources */,
			);
			runOnlyForDeploymentPostprocessing = 0;
		};
/* End PBXResourcesBuildPhase section */

/* Begin PBXSourcesBuildPhase section */
		A10000000000000000000041 /* Sources */ = {
			isa = PBXSourcesBuildPhase;
			buildActionMask = 2147483647;
			files = (
				A10000000000000000000001 /* main.swift in Sources */,
				A10000000000000000000002 /* AppDelegate.swift in Sources */,
				A10000000000000000000003 /* AudioRecorder.swift in Sources */,
				A10000000000000000000004 /* HotKeyMonitor.swift in Sources */,
				A10000000000000000000005 /* TranscriptOverlay.swift in Sources */,
				A10000000000000000000006 /* NativeONNXBridge.m in Sources */,
				A10000000000000000000007 /* DebugLog.swift in Sources */,
				A10000000000000000000008 /* AppSettings.swift in Sources */,
				A10000000000000000000009 /* PreferencesWindowController.swift in Sources */,
				A1000000000000000000000A /* AppVariant.swift in Sources */,
				A1000000000000000000000B /* TranscriptionRuntime.swift in Sources */,
				A1000000000000000000000D /* VocabularySupport.swift in Sources */,
				A1000000000000000000000E /* TranscriptHistoryStore.swift in Sources */,
			);
			runOnlyForDeploymentPostprocessing = 0;
		};
		B10000000000000000000041 /* Sources */ = {
			isa = PBXSourcesBuildPhase;
			buildActionMask = 2147483647;
			files = (
				B10000000000000000000001 /* main.swift in Sources */,
				B10000000000000000000002 /* AppDelegate.swift in Sources */,
				B10000000000000000000003 /* AudioRecorder.swift in Sources */,
				B10000000000000000000004 /* HotKeyMonitor.swift in Sources */,
				B10000000000000000000005 /* TranscriptOverlay.swift in Sources */,
				B10000000000000000000007 /* DebugLog.swift in Sources */,
				B10000000000000000000008 /* AppSettings.swift in Sources */,
				B10000000000000000000009 /* PreferencesWindowController.swift in Sources */,
				B1000000000000000000000A /* AppVariant.swift in Sources */,
				B1000000000000000000000B /* TranscriptionRuntime.swift in Sources */,
				B1000000000000000000000E /* VocabularySupport.swift in Sources */,
				B1000000000000000000000F /* TranscriptHistoryStore.swift in Sources */,
				B1000000000000000000000C /* NativeONNXBridge.m in Sources */,
			);
			runOnlyForDeploymentPostprocessing = 0;
		};
/* End PBXSourcesBuildPhase section */

/* Begin XCBuildConfiguration section */
		A10000000000000000000070 /* Debug */ = {
			isa = XCBuildConfiguration;
			buildSettings = {
				ALWAYS_SEARCH_USER_PATHS = NO;
				CLANG_ANALYZER_NONNULL = YES;
				CLANG_ANALYZER_NUMBER_OBJECT_CONVERSION = YES_AGGRESSIVE;
				CLANG_CXX_LANGUAGE_STANDARD = "gnu++20";
				CLANG_ENABLE_MODULES = YES;
				CLANG_ENABLE_OBJC_ARC = YES;
				CLANG_ENABLE_OBJC_WEAK = YES;
				CLANG_WARN_BLOCK_CAPTURE_AUTORELEASING = YES;
				CLANG_WARN_BOOL_CONVERSION = YES;
				CLANG_WARN_COMMA = YES;
				CLANG_WARN_CONSTANT_CONVERSION = YES;
				CLANG_WARN_DEPRECATED_OBJC_IMPLEMENTATIONS = YES;
				CLANG_WARN_DIRECT_OBJC_ISA_USAGE = YES_ERROR;
				CLANG_WARN_DOCUMENTATION_COMMENTS = YES;
				CLANG_WARN_EMPTY_BODY = YES;
				CLANG_WARN_ENUM_CONVERSION = YES;
				CLANG_WARN_INFINITE_RECURSION = YES;
				CLANG_WARN_INT_CONVERSION = YES;
				CLANG_WARN_NON_LITERAL_NULL_CONVERSION = YES;
				CLANG_WARN_OBJC_IMPLICIT_RETAIN_SELF = YES;
				CLANG_WARN_OBJC_LITERAL_CONVERSION = YES;
				CLANG_WARN_OBJC_ROOT_CLASS = YES_ERROR;
				CLANG_WARN_QUOTED_INCLUDE_IN_FRAMEWORK_HEADER = YES;
				CLANG_WARN_RANGE_LOOP_ANALYSIS = YES;
				CLANG_WARN_STRICT_PROTOTYPES = YES;
				CLANG_WARN_SUSPICIOUS_MOVE = YES;
				CLANG_WARN_UNGUARDED_AVAILABILITY = YES_AGGRESSIVE;
				CLANG_WARN_UNREACHABLE_CODE = YES;
				CLANG_WARN__DUPLICATE_METHOD_MATCH = YES;
				COPY_PHASE_STRIP = NO;
				DEBUG_INFORMATION_FORMAT = dwarf;
				ENABLE_STRICT_OBJC_MSGSEND = YES;
				ENABLE_TESTABILITY = YES;
				GCC_C_LANGUAGE_STANDARD = gnu17;
				GCC_DYNAMIC_NO_PIC = NO;
				GCC_NO_COMMON_BLOCKS = YES;
				GCC_OPTIMIZATION_LEVEL = 0;
				GCC_PREPROCESSOR_DEFINITIONS = (
					"DEBUG=1",
					"$(inherited)",
				);
				GCC_WARN_64_TO_32_BIT_CONVERSION = YES;
				GCC_WARN_ABOUT_RETURN_TYPE = YES_ERROR;
				GCC_WARN_UNDECLARED_SELECTOR = YES;
				GCC_WARN_UNINITIALIZED_AUTOS = YES_AGGRESSIVE;
				GCC_WARN_UNUSED_FUNCTION = YES;
				GCC_WARN_UNUSED_VARIABLE = YES;
				MACOSX_DEPLOYMENT_TARGET = 13.0;
				MTL_ENABLE_DEBUG_INFO = INCLUDE_SOURCE;
				MTL_FAST_MATH = YES;
				ONLY_ACTIVE_ARCH = YES;
				SDKROOT = macosx;
				SWIFT_ACTIVE_COMPILATION_CONDITIONS = DEBUG;
				SWIFT_OPTIMIZATION_LEVEL = "-Onone";
				SWIFT_VERSION = 5.0;
			};
			name = Debug;
		};
		A10000000000000000000071 /* Release */ = {
			isa = XCBuildConfiguration;
			buildSettings = {
				ALWAYS_SEARCH_USER_PATHS = NO;
				CLANG_ANALYZER_NONNULL = YES;
				CLANG_ANALYZER_NUMBER_OBJECT_CONVERSION = YES_AGGRESSIVE;
				CLANG_CXX_LANGUAGE_STANDARD = "gnu++20";
				CLANG_ENABLE_MODULES = YES;
				CLANG_ENABLE_OBJC_ARC = YES;
				CLANG_ENABLE_OBJC_WEAK = YES;
				CLANG_WARN_BLOCK_CAPTURE_AUTORELEASING = YES;
				CLANG_WARN_BOOL_CONVERSION = YES;
				CLANG_WARN_COMMA = YES;
				CLANG_WARN_CONSTANT_CONVERSION = YES;
				CLANG_WARN_DEPRECATED_OBJC_IMPLEMENTATIONS = YES;
				CLANG_WARN_DIRECT_OBJC_ISA_USAGE = YES_ERROR;
				CLANG_WARN_DOCUMENTATION_COMMENTS = YES;
				CLANG_WARN_EMPTY_BODY = YES;
				CLANG_WARN_ENUM_CONVERSION = YES;
				CLANG_WARN_INFINITE_RECURSION = YES;
				CLANG_WARN_INT_CONVERSION = YES;
				CLANG_WARN_NON_LITERAL_NULL_CONVERSION = YES;
				CLANG_WARN_OBJC_IMPLICIT_RETAIN_SELF = YES;
				CLANG_WARN_OBJC_LITERAL_CONVERSION = YES;
				CLANG_WARN_OBJC_ROOT_CLASS = YES_ERROR;
				CLANG_WARN_QUOTED_INCLUDE_IN_FRAMEWORK_HEADER = YES;
				CLANG_WARN_RANGE_LOOP_ANALYSIS = YES;
				CLANG_WARN_STRICT_PROTOTYPES = YES;
				CLANG_WARN_SUSPICIOUS_MOVE = YES;
				CLANG_WARN_UNGUARDED_AVAILABILITY = YES_AGGRESSIVE;
				CLANG_WARN_UNREACHABLE_CODE = YES;
				CLANG_WARN__DUPLICATE_METHOD_MATCH = YES;
				COPY_PHASE_STRIP = NO;
				DEBUG_INFORMATION_FORMAT = "dwarf-with-dsym";
				ENABLE_NS_ASSERTIONS = NO;
				ENABLE_STRICT_OBJC_MSGSEND = YES;
				GCC_C_LANGUAGE_STANDARD = gnu17;
				GCC_NO_COMMON_BLOCKS = YES;
				GCC_WARN_64_TO_32_BIT_CONVERSION = YES;
				GCC_WARN_ABOUT_RETURN_TYPE = YES_ERROR;
				GCC_WARN_UNDECLARED_SELECTOR = YES;
				GCC_WARN_UNINITIALIZED_AUTOS = YES_AGGRESSIVE;
				GCC_WARN_UNUSED_FUNCTION = YES;
				GCC_WARN_UNUSED_VARIABLE = YES;
				MACOSX_DEPLOYMENT_TARGET = 13.0;
				MTL_ENABLE_DEBUG_INFO = NO;
				MTL_FAST_MATH = YES;
				SDKROOT = macosx;
				SWIFT_COMPILATION_MODE = wholemodule;
				SWIFT_OPTIMIZATION_LEVEL = "-O";
				SWIFT_VERSION = 5.0;
			};
			name = Release;
		};
		A10000000000000000000072 /* Debug */ = {
			isa = XCBuildConfiguration;
			buildSettings = {
				APP_DISPLAY_NAME = DeskScribe;
				CODE_SIGN_IDENTITY = "-";
				CODE_SIGN_STYLE = Manual;
				COMBINE_HIDPI_IMAGES = YES;
				CURRENT_PROJECT_VERSION = 1;
				DEVELOPMENT_LANGUAGE = en;
				ENABLE_HARDENED_RUNTIME = NO;
				GENERATE_INFOPLIST_FILE = NO;
				INFOPLIST_FILE = ParakeetDictation/Info.plist;
				LD_RUNPATH_SEARCH_PATHS = (
					"$(inherited)",
					"@executable_path/../Frameworks",
					/opt/homebrew/opt/onnxruntime/lib,
				);
				HEADER_SEARCH_PATHS = /opt/homebrew/opt/onnxruntime/include;
				LIBRARY_SEARCH_PATHS = /opt/homebrew/opt/onnxruntime/lib;
				MARKETING_VERSION = 0.1;
				OTHER_LDFLAGS = "-lonnxruntime";
				PRODUCT_BUNDLE_IDENTIFIER = local.DeskScribe;
				PRODUCT_NAME = DeskScribe;
				SWIFT_OBJC_BRIDGING_HEADER = "ParakeetDictation/ParakeetDictation-Bridging-Header.h";
				SWIFT_VERSION = 5.0;
			};
			name = Debug;
		};
		A10000000000000000000073 /* Release */ = {
			isa = XCBuildConfiguration;
			buildSettings = {
				APP_DISPLAY_NAME = DeskScribe;
				CODE_SIGN_IDENTITY = "-";
				CODE_SIGN_STYLE = Manual;
				COMBINE_HIDPI_IMAGES = YES;
				CURRENT_PROJECT_VERSION = 1;
				DEVELOPMENT_LANGUAGE = en;
				ENABLE_HARDENED_RUNTIME = NO;
				GENERATE_INFOPLIST_FILE = NO;
				INFOPLIST_FILE = ParakeetDictation/Info.plist;
				LD_RUNPATH_SEARCH_PATHS = (
					"$(inherited)",
					"@executable_path/../Frameworks",
					/opt/homebrew/opt/onnxruntime/lib,
				);
				HEADER_SEARCH_PATHS = /opt/homebrew/opt/onnxruntime/include;
				LIBRARY_SEARCH_PATHS = /opt/homebrew/opt/onnxruntime/lib;
				MARKETING_VERSION = 0.1;
				OTHER_LDFLAGS = "-lonnxruntime";
				PRODUCT_BUNDLE_IDENTIFIER = local.DeskScribe;
				PRODUCT_NAME = DeskScribe;
				SWIFT_OBJC_BRIDGING_HEADER = "ParakeetDictation/ParakeetDictation-Bridging-Header.h";
				SWIFT_VERSION = 5.0;
			};
			name = Release;
		};
		B10000000000000000000072 /* Debug */ = {
			isa = XCBuildConfiguration;
			buildSettings = {
				APP_DISPLAY_NAME = "DeskScribe ONNX";
				CODE_SIGN_IDENTITY = "-";
				CODE_SIGN_STYLE = Manual;
				COMBINE_HIDPI_IMAGES = YES;
				CURRENT_PROJECT_VERSION = 1;
				DEVELOPMENT_LANGUAGE = en;
				ENABLE_HARDENED_RUNTIME = NO;
				GENERATE_INFOPLIST_FILE = NO;
				INFOPLIST_FILE = ParakeetDictation/Info.plist;
				LD_RUNPATH_SEARCH_PATHS = (
					"$(inherited)",
					"@executable_path/../Frameworks",
					/opt/homebrew/opt/onnxruntime/lib,
				);
				HEADER_SEARCH_PATHS = /opt/homebrew/opt/onnxruntime/include;
				LIBRARY_SEARCH_PATHS = /opt/homebrew/opt/onnxruntime/lib;
				MARKETING_VERSION = 0.1;
				OTHER_LDFLAGS = "-lonnxruntime";
				PRODUCT_BUNDLE_IDENTIFIER = local.DeskScribe.ONNX;
				PRODUCT_NAME = DeskScribeONNX;
				SWIFT_OBJC_BRIDGING_HEADER = "ParakeetDictation/ParakeetDictation-Bridging-Header.h";
				SWIFT_VERSION = 5.0;
			};
			name = Debug;
		};
		B10000000000000000000073 /* Release */ = {
			isa = XCBuildConfiguration;
			buildSettings = {
				APP_DISPLAY_NAME = "DeskScribe ONNX";
				CODE_SIGN_IDENTITY = "-";
				CODE_SIGN_STYLE = Manual;
				COMBINE_HIDPI_IMAGES = YES;
				CURRENT_PROJECT_VERSION = 1;
				DEVELOPMENT_LANGUAGE = en;
				ENABLE_HARDENED_RUNTIME = NO;
				GENERATE_INFOPLIST_FILE = NO;
				INFOPLIST_FILE = ParakeetDictation/Info.plist;
				LD_RUNPATH_SEARCH_PATHS = (
					"$(inherited)",
					"@executable_path/../Frameworks",
					/opt/homebrew/opt/onnxruntime/lib,
				);
				HEADER_SEARCH_PATHS = /opt/homebrew/opt/onnxruntime/include;
				LIBRARY_SEARCH_PATHS = /opt/homebrew/opt/onnxruntime/lib;
				MARKETING_VERSION = 0.1;
				OTHER_LDFLAGS = "-lonnxruntime";
				PRODUCT_BUNDLE_IDENTIFIER = local.DeskScribe.ONNX;
				PRODUCT_NAME = DeskScribeONNX;
				SWIFT_OBJC_BRIDGING_HEADER = "ParakeetDictation/ParakeetDictation-Bridging-Header.h";
				SWIFT_VERSION = 5.0;
			};
			name = Release;
		};
/* End XCBuildConfiguration section */

/* Begin XCConfigurationList section */
		A10000000000000000000060 /* Build configuration list for PBXProject "ParakeetDictation" */ = {
			isa = XCConfigurationList;
			buildConfigurations = (
				A10000000000000000000070 /* Debug */,
				A10000000000000000000071 /* Release */,
			);
			defaultConfigurationIsVisible = 0;
			defaultConfigurationName = Release;
		};
		A10000000000000000000061 /* Build configuration list for PBXNativeTarget "ParakeetDictation" */ = {
			isa = XCConfigurationList;
			buildConfigurations = (
				A10000000000000000000072 /* Debug */,
				A10000000000000000000073 /* Release */,
			);
			defaultConfigurationIsVisible = 0;
			defaultConfigurationName = Release;
		};
		B10000000000000000000061 /* Build configuration list for PBXNativeTarget "DeskScribeONNX" */ = {
			isa = XCConfigurationList;
			buildConfigurations = (
				B10000000000000000000072 /* Debug */,
				B10000000000000000000073 /* Release */,
			);
			defaultConfigurationIsVisible = 0;
			defaultConfigurationName = Release;
		};
/* End XCConfigurationList section */
	};
	rootObject = A10000000000000000000050 /* Project object */;
}
